<?xml version="1.0" encoding="utf-8"?>
<Project ToolsVersion="4.0" xmlns="http://schemas.microsoft.com/developer/msbuild/2003">
  <ItemGroup>
    <Filter Include="Source Files">
      <UniqueIdentifier>{4FC737F1-C7A5-4376-A066-2A32D752A2FF}</UniqueIdentifier>
      <Extensions>cpp;c;cc;cxx;def;odl;idl;hpj;bat;asm;asmx</Extensions>
    </Filter>
    <Filter Include="Header Files">
      <UniqueIdentifier>{93995380-89BD-4b04-88EB-625FBE52EBFB}</UniqueIdentifier>
      <Extensions>h;hpp;hxx;hm;inl;inc;xsd</Extensions>
    </Filter>
    <Filter Include="Resource Files">
      <UniqueIdentifier>{67DA6AB6-F800-4c08-8B7A-83BB121AAD01}</UniqueIdentifier>
      <Extensions>rc;ico;cur;bmp;dlg;rc2;rct;bin;rgs;gif;jpg;jpeg;jpe;resx;tiff;tif;png;wav</Extensions>
    </Filter>
    <Filter Include="Blocks">
      <UniqueIdentifier>{96B1F776-70EA-4DA2-91CE-5D0130B195E6}</UniqueIdentifier>
    </Filter>
    <Filter Include="Blocks\Cinder-Hap2">
      <UniqueIdentifier>{523BD0A5-6028-4481-8B9E-792FC3ECE2C7}</UniqueIdentifier>
    </Filter>
    <Filter Include="Blocks\Cinder-Hap2\src">
      <UniqueIdentifier>{C24598D8-0F44-44DD-A983-F3AD91213E15}</UniqueIdentifier>
    </Filter>
    <Filter Include="Blocks\ImGui">
      <UniqueIdentifier>{64D67F28-8AC7-4F08-A747-7273D3E0877B}</UniqueIdentifier>
    </Filter>
    <Filter Include="Blocks\ImGui\include">
      <UniqueIdentifier>{13ACB712-7509-42A6-8294-7193F8E5FF4E}</UniqueIdentifier>
    </Filter>
    <Filter Include="Blocks\ImGui\lib">
      <UniqueIdentifier>{5374DBD6-B7FE-4F92-A1F8-1E7198913D1C}</UniqueIdentifier>
    </Filter>
    <Filter Include="Blocks\ImGui\lib\imgui">
      <UniqueIdentifier>{DA99A9BB-3105-4306-98A3-6331225E41FC}</UniqueIdentifier>
    </Filter>
    <Filter Include="Blocks\ImGui\src">
      <UniqueIdentifier>{2AB747FD-F9C1-4B82-8518-E664EB9DFEB8}</UniqueIdentifier>
    </Filter>
    <Filter Include="Blocks\Videodromm">
      <UniqueIdentifier>{69276D98-536D-4AA2-B3B4-AE4DD3A4B41A}</UniqueIdentifier>
    </Filter>
    <Filter Include="Blocks\Videodromm\include">
      <UniqueIdentifier>{86B7F1C2-E9D6-445A-8DE0-700DD7E456F0}</UniqueIdentifier>
    </Filter>
    <Filter Include="Blocks\Videodromm\src">
      <UniqueIdentifier>{0D6B5CF0-2EB2-4E2B-ADEB-67F140C0D469}</UniqueIdentifier>
    </Filter>
    <Filter Include="Blocks\Cinder-Warping">
      <UniqueIdentifier>{B9EDBC72-DC09-4CC3-8A75-FCCD42F68FA9}</UniqueIdentifier>
    </Filter>
    <Filter Include="Blocks\Cinder-Warping\include">
      <UniqueIdentifier>{68AB5B83-793E-41C7-BCC5-81438EE0B293}</UniqueIdentifier>
    </Filter>
    <Filter Include="Blocks\Cinder-Warping\src">
      <UniqueIdentifier>{6CA6C689-19B9-46FE-BA19-5CA38EE894A2}</UniqueIdentifier>
    </Filter>
    <Filter Include="Blocks\Cinder-WebSocketPP">
      <UniqueIdentifier>{E585BA97-9559-44FD-83F6-2C8CF24DA1D2}</UniqueIdentifier>
    </Filter>
    <Filter Include="Blocks\Cinder-WebSocketPP\src">
      <UniqueIdentifier>{810597D9-2EB5-4C69-A282-0949DF079B0A}</UniqueIdentifier>
    </Filter>
    <Filter Include="Blocks\Most-Pixels-Ever">
      <UniqueIdentifier>{757294C6-AFC7-4F51-8D9A-1A042509115D}</UniqueIdentifier>
    </Filter>
    <Filter Include="Blocks\Most-Pixels-Ever\include">
      <UniqueIdentifier>{6CC855D4-199D-4CB2-B74A-A9CAE6969E84}</UniqueIdentifier>
    </Filter>
    <Filter Include="Blocks\Most-Pixels-Ever\src">
      <UniqueIdentifier>{631E98F6-607F-4B73-A716-AAA523D40975}</UniqueIdentifier>
    </Filter>
    <Filter Include="Blocks\OSC">
      <UniqueIdentifier>{27B447D0-43B8-4479-B822-9FE68ABBDDEA}</UniqueIdentifier>
    </Filter>
    <Filter Include="Blocks\OSC\src">
      <UniqueIdentifier>{CDC08513-5293-45E5-890D-E6481A558925}</UniqueIdentifier>
    </Filter>
    <Filter Include="Blocks\OSC\src\ip">
      <UniqueIdentifier>{312B14E8-A94E-46D5-9312-908CAD96241E}</UniqueIdentifier>
    </Filter>
    <Filter Include="Blocks\OSC\src\osc">
      <UniqueIdentifier>{1DED9166-2357-45CE-B840-657C5C85D9AB}</UniqueIdentifier>
    </Filter>
    <Filter Include="Blocks\OSC\src\ip\win32">
      <UniqueIdentifier>{6E198394-FF1E-4D89-A745-4C65145E7EE3}</UniqueIdentifier>
    </Filter>
    <Filter Include="Blocks\UnionJack">
      <UniqueIdentifier>{7B147B95-DDF5-4B93-AE19-9C6D3C7093B5}</UniqueIdentifier>
    </Filter>
    <Filter Include="Blocks\UnionJack\include">
      <UniqueIdentifier>{680C0E73-9415-4268-AF96-C8ABF818D4EF}</UniqueIdentifier>
    </Filter>
    <Filter Include="Blocks\UnionJack\src">
      <UniqueIdentifier>{58C856F1-6842-426F-BC70-2F191ED218A3}</UniqueIdentifier>
    </Filter>
    <Filter Include="Blocks\Videodromm\lib">
      <UniqueIdentifier>{85db62ec-48da-4d5b-9d26-ed974b14605d}</UniqueIdentifier>
    </Filter>
  </ItemGroup>
  <ItemGroup>
    <ClCompile Include="..\src\VideoDrommVisualizerApp.cpp">
      <Filter>Source Files</Filter>
    </ClCompile>
    <ClInclude Include="..\include\Resources.h">
      <Filter>Header Files</Filter>
    </ClInclude>
    <ClCompile Include="..\src\VideoDrommVisualizerApp.cpp">
      <Filter>Source Files</Filter>
    </ClCompile>
    <ClCompile Include="..\..\..\Cinder\blocks\Cinder-Hap2\src\MovieHap.cpp">
      <Filter>Blocks\Cinder-Hap2\src</Filter>
    </ClCompile>
    <ClCompile Include="..\..\..\Cinder\blocks\Cinder-Hap2\src\HapSupport.c">
      <Filter>Blocks\Cinder-Hap2\src</Filter>
    </ClCompile>
    <ClInclude Include="..\..\..\Cinder\blocks\Cinder-Hap2\src\HapSupport.h">
      <Filter>Blocks\Cinder-Hap2\src</Filter>
    </ClInclude>
    <ClInclude Include="..\..\..\Cinder\blocks\Cinder-Hap2\src\MovieHap.h">
      <Filter>Blocks\Cinder-Hap2\src</Filter>
    </ClInclude>
    <ClInclude Include="..\..\..\Cinder\blocks\Cinder-ImGui\include\CinderImGui.h">
      <Filter>Blocks\ImGui\include</Filter>
    </ClInclude>
    <ClInclude Include="..\..\..\Cinder\blocks\Cinder-ImGui\include\imgui_user.h">
      <Filter>Blocks\ImGui\include</Filter>
    </ClInclude>
    <ClInclude Include="..\..\..\Cinder\blocks\Cinder-ImGui\include\imgui_user.inl">
      <Filter>Blocks\ImGui\include</Filter>
    </ClInclude>
    <ClInclude Include="..\..\..\Cinder\blocks\Cinder-ImGui\lib\imgui\imconfig.h">
      <Filter>Blocks\ImGui\lib\imgui</Filter>
    </ClInclude>
    <ClInclude Include="..\..\..\Cinder\blocks\Cinder-ImGui\lib\imgui\imgui.h">
      <Filter>Blocks\ImGui\lib\imgui</Filter>
    </ClInclude>
    <ClInclude Include="..\..\..\Cinder\blocks\Cinder-ImGui\lib\imgui\imgui_internal.h">
      <Filter>Blocks\ImGui\lib\imgui</Filter>
    </ClInclude>
    <ClCompile Include="..\..\..\Cinder\blocks\Cinder-ImGui\src\CinderImGui.cpp">
      <Filter>Blocks\ImGui\src</Filter>
    </ClCompile>
    <ClCompile Include="..\..\..\Cinder\blocks\Cinder-ImGui\lib\imgui\imgui.cpp">
      <Filter>Blocks\ImGui\lib\imgui</Filter>
    </ClCompile>
    <ClCompile Include="..\..\..\Cinder\blocks\Cinder-ImGui\lib\imgui\imgui_draw.cpp">
      <Filter>Blocks\ImGui\lib\imgui</Filter>
    </ClCompile>
    <ClCompile Include="..\..\..\Cinder\blocks\Cinder-ImGui\lib\imgui\imgui_demo.cpp">
      <Filter>Blocks\ImGui\lib\imgui</Filter>
    </ClCompile>
    <ClInclude Include="..\..\..\Cinder\blocks\Cinder-Warping\include\Warp.h">
      <Filter>Blocks\Cinder-Warping\include</Filter>
    </ClInclude>
    <ClCompile Include="..\..\..\Cinder\blocks\Cinder-Warping\src\Warp.cpp">
      <Filter>Blocks\Cinder-Warping\src</Filter>
    </ClCompile>
    <ClCompile Include="..\..\..\Cinder\blocks\Cinder-Warping\src\WarpBilinear.cpp">
      <Filter>Blocks\Cinder-Warping\src</Filter>
    </ClCompile>
    <ClCompile Include="..\..\..\Cinder\blocks\Cinder-Warping\src\WarpPerspective.cpp">
      <Filter>Blocks\Cinder-Warping\src</Filter>
    </ClCompile>
    <ClCompile Include="..\..\..\Cinder\blocks\Cinder-Warping\src\WarpPerspectiveBilinear.cpp">
      <Filter>Blocks\Cinder-Warping\src</Filter>
    </ClCompile>
    <ClCompile Include="..\..\..\Cinder\blocks\Cinder-WebSocketPP\src\WebSocketClient.cpp">
      <Filter>Blocks\Cinder-WebSocketPP\src</Filter>
    </ClCompile>
    <ClCompile Include="..\..\..\Cinder\blocks\Cinder-WebSocketPP\src\WebSocketConnection.cpp">
      <Filter>Blocks\Cinder-WebSocketPP\src</Filter>
    </ClCompile>
    <ClCompile Include="..\..\..\Cinder\blocks\Cinder-WebSocketPP\src\WebSocketServer.cpp">
      <Filter>Blocks\Cinder-WebSocketPP\src</Filter>
    </ClCompile>
    <ClInclude Include="..\..\..\Cinder\blocks\Cinder-WebSocketPP\src\WebSocketClient.h">
      <Filter>Blocks\Cinder-WebSocketPP\src</Filter>
    </ClInclude>
    <ClInclude Include="..\..\..\Cinder\blocks\Cinder-WebSocketPP\src\WebSocketConnection.h">
      <Filter>Blocks\Cinder-WebSocketPP\src</Filter>
    </ClInclude>
    <ClInclude Include="..\..\..\Cinder\blocks\Cinder-WebSocketPP\src\WebSocketServer.h">
      <Filter>Blocks\Cinder-WebSocketPP\src</Filter>
    </ClInclude>
    <ClInclude Include="..\..\..\Cinder\blocks\Most-Pixels-Ever-Cinder\include\MPEApp.hpp">
      <Filter>Blocks\Most-Pixels-Ever\include</Filter>
    </ClInclude>
    <ClInclude Include="..\..\..\Cinder\blocks\Most-Pixels-Ever-Cinder\include\MPEClient.h">
      <Filter>Blocks\Most-Pixels-Ever\include</Filter>
    </ClInclude>
    <ClInclude Include="..\..\..\Cinder\blocks\Most-Pixels-Ever-Cinder\include\MPEMessageHandler.hpp">
      <Filter>Blocks\Most-Pixels-Ever\include</Filter>
    </ClInclude>
    <ClInclude Include="..\..\..\Cinder\blocks\Most-Pixels-Ever-Cinder\include\MPEProtocol.hpp">
      <Filter>Blocks\Most-Pixels-Ever\include</Filter>
    </ClInclude>
    <ClInclude Include="..\..\..\Cinder\blocks\Most-Pixels-Ever-Cinder\include\TCPAsyncClient.h">
      <Filter>Blocks\Most-Pixels-Ever\include</Filter>
    </ClInclude>
    <ClInclude Include="..\..\..\Cinder\blocks\Most-Pixels-Ever-Cinder\include\TCPClient.h">
      <Filter>Blocks\Most-Pixels-Ever\include</Filter>
    </ClInclude>
    <ClCompile Include="..\..\..\Cinder\blocks\Most-Pixels-Ever-Cinder\src\MPEClient.cpp">
      <Filter>Blocks\Most-Pixels-Ever\src</Filter>
    </ClCompile>
    <ClCompile Include="..\..\..\Cinder\blocks\Most-Pixels-Ever-Cinder\src\TCPAsyncClient.cpp">
      <Filter>Blocks\Most-Pixels-Ever\src</Filter>
    </ClCompile>
    <ClCompile Include="..\..\..\Cinder\blocks\Most-Pixels-Ever-Cinder\src\TCPClient.cpp">
      <Filter>Blocks\Most-Pixels-Ever\src</Filter>
    </ClCompile>
    <ClCompile Include="..\..\..\Cinder\blocks\OSC\src\OscBundle.cpp">
      <Filter>Blocks\OSC\src</Filter>
    </ClCompile>
    <ClCompile Include="..\..\..\Cinder\blocks\OSC\src\OscListener.cpp">
      <Filter>Blocks\OSC\src</Filter>
    </ClCompile>
    <ClCompile Include="..\..\..\Cinder\blocks\OSC\src\OscMessage.cpp">
      <Filter>Blocks\OSC\src</Filter>
    </ClCompile>
    <ClCompile Include="..\..\..\Cinder\blocks\OSC\src\OscSender.cpp">
      <Filter>Blocks\OSC\src</Filter>
    </ClCompile>
    <ClCompile Include="..\..\..\Cinder\blocks\OSC\src\ip\IpEndpointName.cpp">
      <Filter>Blocks\OSC\src\ip</Filter>
    </ClCompile>
    <ClCompile Include="..\..\..\Cinder\blocks\OSC\src\osc\OscOutboundPacketStream.cpp">
      <Filter>Blocks\OSC\src\osc</Filter>
    </ClCompile>
    <ClCompile Include="..\..\..\Cinder\blocks\OSC\src\osc\OscPrintReceivedElements.cpp">
      <Filter>Blocks\OSC\src\osc</Filter>
    </ClCompile>
    <ClCompile Include="..\..\..\Cinder\blocks\OSC\src\osc\OscReceivedElements.cpp">
      <Filter>Blocks\OSC\src\osc</Filter>
    </ClCompile>
    <ClCompile Include="..\..\..\Cinder\blocks\OSC\src\osc\OscTypes.cpp">
      <Filter>Blocks\OSC\src\osc</Filter>
    </ClCompile>
    <ClInclude Include="..\..\..\Cinder\blocks\OSC\src\OscArg.h">
      <Filter>Blocks\OSC\src</Filter>
    </ClInclude>
    <ClInclude Include="..\..\..\Cinder\blocks\OSC\src\OscBundle.h">
      <Filter>Blocks\OSC\src</Filter>
    </ClInclude>
    <ClInclude Include="..\..\..\Cinder\blocks\OSC\src\OscListener.h">
      <Filter>Blocks\OSC\src</Filter>
    </ClInclude>
    <ClInclude Include="..\..\..\Cinder\blocks\OSC\src\OscMessage.h">
      <Filter>Blocks\OSC\src</Filter>
    </ClInclude>
    <ClInclude Include="..\..\..\Cinder\blocks\OSC\src\OscSender.h">
      <Filter>Blocks\OSC\src</Filter>
    </ClInclude>
    <ClInclude Include="..\..\..\Cinder\blocks\OSC\src\ip\IpEndpointName.h">
      <Filter>Blocks\OSC\src\ip</Filter>
    </ClInclude>
    <ClInclude Include="..\..\..\Cinder\blocks\OSC\src\ip\NetworkingUtils.h">
      <Filter>Blocks\OSC\src\ip</Filter>
    </ClInclude>
    <ClInclude Include="..\..\..\Cinder\blocks\OSC\src\ip\PacketListener.h">
      <Filter>Blocks\OSC\src\ip</Filter>
    </ClInclude>
    <ClInclude Include="..\..\..\Cinder\blocks\OSC\src\ip\TimerListener.h">
      <Filter>Blocks\OSC\src\ip</Filter>
    </ClInclude>
    <ClInclude Include="..\..\..\Cinder\blocks\OSC\src\ip\UdpSocket.h">
      <Filter>Blocks\OSC\src\ip</Filter>
    </ClInclude>
    <ClInclude Include="..\..\..\Cinder\blocks\OSC\src\osc\MessageMappingOscPacketListener.h">
      <Filter>Blocks\OSC\src\osc</Filter>
    </ClInclude>
    <ClInclude Include="..\..\..\Cinder\blocks\OSC\src\osc\OscException.h">
      <Filter>Blocks\OSC\src\osc</Filter>
    </ClInclude>
    <ClInclude Include="..\..\..\Cinder\blocks\OSC\src\osc\OscHostEndianness.h">
      <Filter>Blocks\OSC\src\osc</Filter>
    </ClInclude>
    <ClInclude Include="..\..\..\Cinder\blocks\OSC\src\osc\OscOutboundPacketStream.h">
      <Filter>Blocks\OSC\src\osc</Filter>
    </ClInclude>
    <ClInclude Include="..\..\..\Cinder\blocks\OSC\src\osc\OscPacketListener.h">
      <Filter>Blocks\OSC\src\osc</Filter>
    </ClInclude>
    <ClInclude Include="..\..\..\Cinder\blocks\OSC\src\osc\OscPrintReceivedElements.h">
      <Filter>Blocks\OSC\src\osc</Filter>
    </ClInclude>
    <ClInclude Include="..\..\..\Cinder\blocks\OSC\src\osc\OscReceivedElements.h">
      <Filter>Blocks\OSC\src\osc</Filter>
    </ClInclude>
    <ClInclude Include="..\..\..\Cinder\blocks\OSC\src\osc\OscTypes.h">
      <Filter>Blocks\OSC\src\osc</Filter>
    </ClInclude>
    <ClCompile Include="..\..\..\Cinder\blocks\OSC\src\ip\win32\NetworkingUtils.cpp">
      <Filter>Blocks\OSC\src\ip\win32</Filter>
    </ClCompile>
    <ClCompile Include="..\..\..\Cinder\blocks\OSC\src\ip\win32\UdpSocket.cpp">
      <Filter>Blocks\OSC\src\ip\win32</Filter>
    </ClCompile>
    <ClInclude Include="..\..\..\Cinder\blocks\UnionJack\include\UnionJack.h">
      <Filter>Blocks\UnionJack\include</Filter>
    </ClInclude>
    <ClCompile Include="..\..\..\Cinder\blocks\UnionJack\src\UnionJack.cpp">
      <Filter>Blocks\UnionJack\src</Filter>
    </ClCompile>
    <ClCompile Include="..\src\AppConsole.cpp">
      <Filter>Source Files</Filter>
    </ClCompile>
    <ClCompile Include="..\..\..\Cinder\blocks\Cinder-Videodromm\src\VDSettings.cpp">
      <Filter>Blocks\Videodromm\src</Filter>
    </ClCompile>
    <ClCompile Include="..\..\..\Cinder\blocks\Cinder-Videodromm\src\VDUtils.cpp">
      <Filter>Blocks\Videodromm\src</Filter>
    </ClCompile>
    <ClCompile Include="..\..\..\Cinder\blocks\Cinder-Videodromm\src\VDLog.cpp">
      <Filter>Blocks\Videodromm\src</Filter>
    </ClCompile>
  </ItemGroup>
  <ItemGroup>
    <ClInclude Include="..\include\Resources.h">
      <Filter>Header Files</Filter>
    </ClInclude>
    <ClInclude Include="..\include\VideoDrommVisualizerApp.h">
      <Filter>Header Files</Filter>
    </ClInclude>
    <ClInclude Include="..\include\AppConsole.h">
      <Filter>Header Files</Filter>
    </ClInclude>
    <ClInclude Include="..\..\..\Cinder\blocks\Cinder-Videodromm\include\VDSettings.h">
      <Filter>Blocks\Videodromm\include</Filter>
    </ClInclude>
    <ClInclude Include="..\..\..\Cinder\blocks\Cinder-Videodromm\include\VDUtils.h">
      <Filter>Blocks\Videodromm\include</Filter>
    </ClInclude>
    <ClInclude Include="..\..\..\Cinder\blocks\Cinder-Videodromm\include\VDLog.h">
      <Filter>Blocks\Videodromm\include</Filter>
    </ClInclude>
  </ItemGroup>
  <ItemGroup>
    <ResourceCompile Include="Resources.rc">
      <Filter>Resource Files</Filter>
    </ResourceCompile>
  </ItemGroup>
  <ItemGroup>
    <Library Include="..\..\..\Cinder\blocks\Cinder-Videodromm\lib\libboost_chrono-vc120-mt-1_58.lib">
      <Filter>Blocks\Videodromm\lib</Filter>
    </Library>
    <Library Include="..\..\..\Cinder\blocks\Cinder-Videodromm\lib\libboost_chrono-vc120-mt-gd-1_58.lib">
      <Filter>Blocks\Videodromm\lib</Filter>
    </Library>
    <Library Include="..\..\..\Cinder\blocks\Cinder-Videodromm\lib\libboost_chrono-vc120-mt-s-1_58.lib">
      <Filter>Blocks\Videodromm\lib</Filter>
    </Library>
    <Library Include="..\..\..\Cinder\blocks\Cinder-Videodromm\lib\libboost_chrono-vc120-mt-sgd-1_58.lib">
      <Filter>Blocks\Videodromm\lib</Filter>
    </Library>
    <Library Include="..\..\..\Cinder\blocks\Cinder-Videodromm\lib\libboost_chrono-vc120-s-1_58.lib">
      <Filter>Blocks\Videodromm\lib</Filter>
    </Library>
    <Library Include="..\..\..\Cinder\blocks\Cinder-Videodromm\lib\libboost_chrono-vc120-sgd-1_58.lib">
      <Filter>Blocks\Videodromm\lib</Filter>
    </Library>
    <Library Include="..\..\..\Cinder\blocks\Cinder-Videodromm\lib\libboost_date_time-vc120-mt-1_58.lib">
      <Filter>Blocks\Videodromm\lib</Filter>
    </Library>
    <Library Include="..\..\..\Cinder\blocks\Cinder-Videodromm\lib\libboost_date_time-vc120-mt-gd-1_58.lib">
      <Filter>Blocks\Videodromm\lib</Filter>
    </Library>
    <Library Include="..\..\..\Cinder\blocks\Cinder-Videodromm\lib\libboost_date_time-vc120-mt-s-1_58.lib">
      <Filter>Blocks\Videodromm\lib</Filter>
    </Library>
    <Library Include="..\..\..\Cinder\blocks\Cinder-Videodromm\lib\libboost_date_time-vc120-mt-sgd-1_58.lib">
      <Filter>Blocks\Videodromm\lib</Filter>
    </Library>
    <Library Include="..\..\..\Cinder\blocks\Cinder-Videodromm\lib\libboost_date_time-vc120-s-1_58.lib">
      <Filter>Blocks\Videodromm\lib</Filter>
    </Library>
    <Library Include="..\..\..\Cinder\blocks\Cinder-Videodromm\lib\libboost_date_time-vc120-sgd-1_58.lib">
      <Filter>Blocks\Videodromm\lib</Filter>
    </Library>
    <Library Include="..\..\..\Cinder\blocks\Cinder-Videodromm\lib\libboost_regex-vc120-mt-1_58.lib">
      <Filter>Blocks\Videodromm\lib</Filter>
    </Library>
    <Library Include="..\..\..\Cinder\blocks\Cinder-Videodromm\lib\libboost_regex-vc120-mt-gd-1_58.lib">
      <Filter>Blocks\Videodromm\lib</Filter>
    </Library>
    <Library Include="..\..\..\Cinder\blocks\Cinder-Videodromm\lib\libboost_regex-vc120-mt-s-1_58.lib">
      <Filter>Blocks\Videodromm\lib</Filter>
    </Library>
    <Library Include="..\..\..\Cinder\blocks\Cinder-Videodromm\lib\libboost_regex-vc120-mt-sgd-1_58.lib">
      <Filter>Blocks\Videodromm\lib</Filter>
    </Library>
    <Library Include="..\..\..\Cinder\blocks\Cinder-Videodromm\lib\libboost_regex-vc120-s-1_58.lib">
      <Filter>Blocks\Videodromm\lib</Filter>
    </Library>
    <Library Include="..\..\..\Cinder\blocks\Cinder-Videodromm\lib\libboost_regex-vc120-sgd-1_58.lib">
      <Filter>Blocks\Videodromm\lib</Filter>
    </Library>
    <Library Include="..\..\..\Cinder\blocks\Cinder-Videodromm\lib\libboost_thread-vc120-mt-1_58.lib">
      <Filter>Blocks\Videodromm\lib</Filter>
    </Library>
    <Library Include="..\..\..\Cinder\blocks\Cinder-Videodromm\lib\libboost_thread-vc120-mt-gd-1_58.lib">
      <Filter>Blocks\Videodromm\lib</Filter>
    </Library>
    <Library Include="..\..\..\Cinder\blocks\Cinder-Videodromm\lib\libboost_thread-vc120-mt-s-1_58.lib">
      <Filter>Blocks\Videodromm\lib</Filter>
    </Library>
    <Library Include="..\..\..\Cinder\blocks\Cinder-Videodromm\lib\libboost_thread-vc120-mt-sgd-1_58.lib">
      <Filter>Blocks\Videodromm\lib</Filter>
    </Library>
  </ItemGroup>
</Project>